
Microsoft Visual Studio Solution File, Format Version 12.00
# Visual Studio Version 17
VisualStudioVersion = 17.11.35327.3
MinimumVisualStudioVersion = 10.0.40219.1
Project("{FAE04EC0-301F-11D3-BF4B-00C04F79EFBC}") = "22112024170049_databasing_is_like_grazing", "22112024170049_databasing_is_like_grazing.csproj", "{2E3DD9A5-1278-4171-A6F6-52F616894722}"
EndProject
Global
	GlobalSection(SolutionConfigurationPlatforms) = preSolution
		Debug|Any CPU = Debug|Any CPU
		Release|Any CPU = Release|Any CPU
	EndGlobalSection
	GlobalSection(ProjectConfigurationPlatforms) = postSolution
		{2E3DD9A5-1278-4171-A6F6-52F616894722}.Debug|Any CPU.ActiveCfg = Debug|Any CPU
		{2E3DD9A5-1278-4171-A6F6-52F616894722}.Debug|Any CPU.Build.0 = Debug|Any CPU
		{2E3DD9A5-1278-4171-A6F6-52F616894722}.Release|Any CPU.ActiveCfg = Release|Any CPU
		{2E3DD9A5-1278-4171-A6F6-52F616894722}.Release|Any CPU.Build.0 = Release|Any CPU
	EndGlobalSection
	GlobalSection(SolutionProperties) = preSolution
		HideSolutionNode = FALSE
	EndGlobalSection
	GlobalSection(ExtensibilityGlobals) = postSolution
		SolutionGuid = {7F5030DC-8B9C-422D-A270-F912A1921E9D}
	EndGlobalSection
EndGlobal
