
Microsoft Visual Studio Solution File, Format Version 12.00
# Visual Studio Version 17
VisualStudioVersion = 17.9.34728.123
MinimumVisualStudioVersion = 10.0.40219.1
Project("{FAE04EC0-301F-11D3-BF4B-00C04F79EFBC}") = "dev", "dev.csproj", "{CBCF7B42-8356-49AF-A686-42F503DC7A74}"
EndProject
Global
	GlobalSection(SolutionConfigurationPlatforms) = preSolution
		Debug|Any CPU = Debug|Any CPU
		Release|Any CPU = Release|Any CPU
	EndGlobalSection
	GlobalSection(ProjectConfigurationPlatforms) = postSolution
		{CBCF7B42-8356-49AF-A686-42F503DC7A74}.Debug|Any CPU.ActiveCfg = Debug|Any CPU
		{CBCF7B42-8356-49AF-A686-42F503DC7A74}.Debug|Any CPU.Build.0 = Debug|Any CPU
		{CBCF7B42-8356-49AF-A686-42F503DC7A74}.Release|Any CPU.ActiveCfg = Release|Any CPU
		{CBCF7B42-8356-49AF-A686-42F503DC7A74}.Release|Any CPU.Build.0 = Release|Any CPU
	EndGlobalSection
	GlobalSection(SolutionProperties) = preSolution
		HideSolutionNode = FALSE
	EndGlobalSection
	GlobalSection(ExtensibilityGlobals) = postSolution
		SolutionGuid = {0D0F99A3-51F4-4E43-8FC9-2D5D7F6CDFDF}
	EndGlobalSection
EndGlobal
