
Microsoft Visual Studio Solution File, Format Version 12.00
# Visual Studio Version 17
VisualStudioVersion = 17.11.35327.3
MinimumVisualStudioVersion = 10.0.40219.1
Project("{8BC9CEB8-8B4A-11D0-8D11-00A0C91BC942}") = "client", "client.vcxproj", "{106053B1-3C37-4543-8796-BD0D2C5BCE85}"
EndProject
Global
	GlobalSection(SolutionConfigurationPlatforms) = preSolution
		Debug|x64 = Debug|x64
		Debug|x86 = Debug|x86
		Release|x64 = Release|x64
		Release|x86 = Release|x86
	EndGlobalSection
	GlobalSection(ProjectConfigurationPlatforms) = postSolution
		{106053B1-3C37-4543-8796-BD0D2C5BCE85}.Debug|x64.ActiveCfg = Debug|x64
		{106053B1-3C37-4543-8796-BD0D2C5BCE85}.Debug|x64.Build.0 = Debug|x64
		{106053B1-3C37-4543-8796-BD0D2C5BCE85}.Debug|x86.ActiveCfg = Debug|Win32
		{106053B1-3C37-4543-8796-BD0D2C5BCE85}.Debug|x86.Build.0 = Debug|Win32
		{106053B1-3C37-4543-8796-BD0D2C5BCE85}.Release|x64.ActiveCfg = Release|x64
		{106053B1-3C37-4543-8796-BD0D2C5BCE85}.Release|x64.Build.0 = Release|x64
		{106053B1-3C37-4543-8796-BD0D2C5BCE85}.Release|x86.ActiveCfg = Release|Win32
		{106053B1-3C37-4543-8796-BD0D2C5BCE85}.Release|x86.Build.0 = Release|Win32
	EndGlobalSection
	GlobalSection(SolutionProperties) = preSolution
		HideSolutionNode = FALSE
	EndGlobalSection
	GlobalSection(ExtensibilityGlobals) = postSolution
		SolutionGuid = {A1CBE3FA-EAB9-4A62-90FD-D7D92227A801}
	EndGlobalSection
EndGlobal
