
Microsoft Visual Studio Solution File, Format Version 12.00
# Visual Studio Version 17
VisualStudioVersion = 17.9.34728.123
MinimumVisualStudioVersion = 10.0.40219.1
Project("{FAE04EC0-301F-11D3-BF4B-00C04F79EFBC}") = "Class_Library", "Class_Library.csproj", "{B594D233-5467-489E-A521-09323FA2DF04}"
EndProject
Global
	GlobalSection(SolutionConfigurationPlatforms) = preSolution
		Debug|Any CPU = Debug|Any CPU
		Release|Any CPU = Release|Any CPU
	EndGlobalSection
	GlobalSection(ProjectConfigurationPlatforms) = postSolution
		{B594D233-5467-489E-A521-09323FA2DF04}.Debug|Any CPU.ActiveCfg = Debug|Any CPU
		{B594D233-5467-489E-A521-09323FA2DF04}.Debug|Any CPU.Build.0 = Debug|Any CPU
		{B594D233-5467-489E-A521-09323FA2DF04}.Release|Any CPU.ActiveCfg = Release|Any CPU
		{B594D233-5467-489E-A521-09323FA2DF04}.Release|Any CPU.Build.0 = Release|Any CPU
	EndGlobalSection
	GlobalSection(SolutionProperties) = preSolution
		HideSolutionNode = FALSE
	EndGlobalSection
	GlobalSection(ExtensibilityGlobals) = postSolution
		SolutionGuid = {A0DDB1C5-E969-4806-9AFA-CDF3A701BB45}
	EndGlobalSection
EndGlobal
